<?xml version="1.0" encoding="utf-8"?>
<Project ToolsVersion="4.0" xmlns="http://schemas.microsoft.com/developer/msbuild/2003">
  <ItemGroup>
    <Filter Include="Util">
      <UniqueIdentifier>{93995380-89BD-4b04-88EB-625FBE52EBFB}</UniqueIdentifier>
      <Extensions>h;hh;hpp;hxx;h++;hm;inl;inc;ipp;xsd</Extensions>
    </Filter>
    <Filter Include="Parser">
      <UniqueIdentifier>{4FC737F1-C7A5-4376-A066-2A32D752A2FF}</UniqueIdentifier>
      <Extensions>cpp;c;cc;cxx;c++;cppm;ixx;def;odl;idl;hpj;bat;asm;asmx</Extensions>
    </Filter>
    <Filter Include="Resource Files">
      <UniqueIdentifier>{67DA6AB6-F800-4c08-8B7A-83BB121AAD01}</UniqueIdentifier>
      <Extensions>rc;ico;cur;bmp;dlg;rc2;rct;bin;rgs;gif;jpg;jpeg;jpe;resx;tiff;tif;png;wav;mfcribbon-ms</Extensions>
    </Filter>
  </ItemGroup>
  <ItemGroup>
    <ClCompile Include="AoE2TriggerCraftConsole.cpp">
      <Filter>Parser</Filter>
    </ClCompile>
    <ClCompile Include="..\aoe2scenario.cpp">
      <Filter>Parser</Filter>
    </ClCompile>
    <ClCompile Include="..\util\file_types.cpp">
      <Filter>Util</Filter>
    </ClCompile>
    <ClCompile Include="..\util\utilio.cpp">
      <Filter>Util</Filter>
    </ClCompile>
    <ClCompile Include="..\util\gason\gason.cpp">
      <Filter>Util</Filter>
    </ClCompile>
    <ClCompile Include="..\aoejson.cpp">
      <Filter>Parser</Filter>
    </ClCompile>
  </ItemGroup>
  <ItemGroup>
    <ClInclude Include="..\aoe2scenario.h">
      <Filter>Parser</Filter>
    </ClInclude>
    <ClInclude Include="..\aoe2scenario_1_41.h">
      <Filter>Parser</Filter>
    </ClInclude>
    <ClInclude Include="..\aoe2scenario_1_45.h">
      <Filter>Parser</Filter>
    </ClInclude>
    <ClInclude Include="..\util\file_types.h">
      <Filter>Util</Filter>
    </ClInclude>
    <ClInclude Include="..\util\utilio.h">
      <Filter>Util</Filter>
    </ClInclude>
    <ClInclude Include="..\util\libdeflate\libdeflate.h">
      <Filter>Util</Filter>
    </ClInclude>
    <ClInclude Include="..\util\utf8conv\utf8conv.h">
      <Filter>Util</Filter>
    </ClInclude>
    <ClInclude Include="..\util\utf8conv\utf8except.h">
      <Filter>Util</Filter>
    </ClInclude>
    <ClInclude Include="..\util\gason\gason.h">
      <Filter>Util</Filter>
    </ClInclude>
    <ClInclude Include="..\aoejson.h">
      <Filter>Parser</Filter>
    </ClInclude>
    <ClInclude Include="..\aoe2scenario_1_46.h">
      <Filter>Parser</Filter>
    </ClInclude>
  </ItemGroup>
  <ItemGroup>
    <Library Include="..\util\libdeflate\libdeflatestatic.lib">
      <Filter>Util</Filter>
    </Library>
  </ItemGroup>
</Project>