<?xml version="1.0" encoding="utf-8"?>
<Project ToolsVersion="4.0" xmlns="http://schemas.microsoft.com/developer/msbuild/2003">
  <ItemGroup>
    <Filter Include="资源文件">
      <UniqueIdentifier>{67DA6AB6-F800-4c08-8B7A-83BB121AAD01}</UniqueIdentifier>
      <Extensions>rc;ico;cur;bmp;dlg;rc2;rct;bin;rgs;gif;jpg;jpeg;jpe;resx;tiff;tif;png;wav;mfcribbon-ms</Extensions>
    </Filter>
    <Filter Include="View">
      <UniqueIdentifier>{480ae798-0cdd-4200-a605-cc428a99db87}</UniqueIdentifier>
    </Filter>
    <Filter Include="Model">
      <UniqueIdentifier>{65542e72-9d61-4c30-af50-50038cef7c3e}</UniqueIdentifier>
    </Filter>
    <Filter Include="Util">
      <UniqueIdentifier>{8f0a5eba-2f82-4172-a53f-72809bae4f46}</UniqueIdentifier>
    </Filter>
  </ItemGroup>
  <ItemGroup>
    <ClInclude Include="..\model\aoe2scenario.h">
      <Filter>Model</Filter>
    </ClInclude>
    <ClInclude Include="..\model\aoe2scenario_1_41.h">
      <Filter>Model</Filter>
    </ClInclude>
    <ClInclude Include="..\model\aoe2scenario_1_45.h">
      <Filter>Model</Filter>
    </ClInclude>
    <ClInclude Include="..\model\aoe2scenario_1_46.h">
      <Filter>Model</Filter>
    </ClInclude>
    <ClInclude Include="AoE2TCWin.h">
      <Filter>View</Filter>
    </ClInclude>
    <ClInclude Include="view\editors.h">
      <Filter>View</Filter>
    </ClInclude>
    <ClInclude Include="framework.h">
      <Filter>View</Filter>
    </ClInclude>
    <ClInclude Include="view\infos.h">
      <Filter>View</Filter>
    </ClInclude>
    <ClInclude Include="..\util\gason\gason.h">
      <Filter>Util</Filter>
    </ClInclude>
    <ClInclude Include="..\util\libdeflate\libdeflate.h">
      <Filter>Util</Filter>
    </ClInclude>
    <ClInclude Include="Resource.h">
      <Filter>View</Filter>
    </ClInclude>
    <ClInclude Include="targetver.h">
      <Filter>View</Filter>
    </ClInclude>
    <ClInclude Include="..\util\utf8conv\utf8conv.h">
      <Filter>Util</Filter>
    </ClInclude>
    <ClInclude Include="..\util\utf8conv\utf8except.h">
      <Filter>Util</Filter>
    </ClInclude>
    <ClInclude Include="..\util\utilio.h">
      <Filter>Util</Filter>
    </ClInclude>
    <ClInclude Include="view\viewers.h">
      <Filter>View</Filter>
    </ClInclude>
  </ItemGroup>
  <ItemGroup>
    <ClCompile Include="..\model\aoe2scenario.cpp">
      <Filter>Model</Filter>
    </ClCompile>
    <ClCompile Include="AoE2TCWin.cpp">
      <Filter>View</Filter>
    </ClCompile>
    <ClCompile Include="..\model\aoejson.cpp">
      <Filter>View</Filter>
    </ClCompile>
    <ClCompile Include="..\util\file_types.cpp">
      <Filter>Util</Filter>
    </ClCompile>
    <ClCompile Include="..\util\gason\gason.cpp">
      <Filter>Util</Filter>
    </ClCompile>
    <ClCompile Include="..\util\utilio.cpp">
      <Filter>Util</Filter>
    </ClCompile>
    <ClCompile Include="view\editors.cpp">
      <Filter>View</Filter>
    </ClCompile>
    <ClCompile Include="view\viewers.cpp">
      <Filter>View</Filter>
    </ClCompile>
    <ClCompile Include="view\viewer_sceninfo.cpp">
      <Filter>View</Filter>
    </ClCompile>
    <ClCompile Include="view\viewer_player.cpp">
      <Filter>View</Filter>
    </ClCompile>
    <ClCompile Include="view\viewer_map.cpp">
      <Filter>View</Filter>
    </ClCompile>
    <ClCompile Include="view\infos.cpp">
      <Filter>View</Filter>
    </ClCompile>
    <ClCompile Include="view\param_trigger.cpp">
      <Filter>View</Filter>
    </ClCompile>
    <ClCompile Include="view\editor_trigger.cpp">
      <Filter>View</Filter>
    </ClCompile>
  </ItemGroup>
  <ItemGroup>
    <ResourceCompile Include="AoE2TCWin.rc">
      <Filter>资源文件</Filter>
    </ResourceCompile>
  </ItemGroup>
  <ItemGroup>
    <Image Include="small.ico">
      <Filter>资源文件</Filter>
    </Image>
    <Image Include="AoE2TCWin.ico">
      <Filter>资源文件</Filter>
    </Image>
    <Image Include="res\cond-good.bmp">
      <Filter>资源文件</Filter>
    </Image>
    <Image Include="res\effect-good.bmp">
      <Filter>资源文件</Filter>
    </Image>
    <Image Include="res\trig-on-good.bmp">
      <Filter>资源文件</Filter>
    </Image>
    <Image Include="res\B_NEW_TRIG.ico">
      <Filter>资源文件</Filter>
    </Image>
    <Image Include="res\B_DEL_TRIG.ico">
      <Filter>资源文件</Filter>
    </Image>
    <Image Include="res\B_COPY_TO_ALL.ico">
      <Filter>资源文件</Filter>
    </Image>
    <Image Include="res\B_SORT.ico">
      <Filter>资源文件</Filter>
    </Image>
    <Image Include="res\B_NEW_EFFE.ico">
      <Filter>资源文件</Filter>
    </Image>
    <Image Include="res\B_NEW_COND.ico">
      <Filter>资源文件</Filter>
    </Image>
    <Image Include="res\B_DEL_FOR_ALL.ico">
      <Filter>资源文件</Filter>
    </Image>
  </ItemGroup>
  <ItemGroup>
    <Library Include="..\util\libdeflate\libdeflatestatic.lib">
      <Filter>Util</Filter>
    </Library>
  </ItemGroup>
</Project>